
Microsoft Visual Studio Solution File, Format Version 12.00
# Visual Studio 15
VisualStudioVersion = 15.0.27428.2015
MinimumVisualStudioVersion = 10.0.40219.1
Project("{8BC9CEB8-8B4A-11D0-8D11-00A0C91BC942}") = "Project2", "Project2\Project2.vcxproj", "{2284AA5A-85BA-48A8-BFF6-8D4FEE12AF3E}"
EndProject
Global
	GlobalSection(SolutionConfigurationPlatforms) = preSolution
		Debug|x64 = Debug|x64
		Debug|x86 = Debug|x86
		Release|x64 = Release|x64
		Release|x86 = Release|x86
	EndGlobalSection
	GlobalSection(ProjectConfigurationPlatforms) = postSolution
		{2284AA5A-85BA-48A8-BFF6-8D4FEE12AF3E}.Debug|x64.ActiveCfg = Debug|x64
		{2284AA5A-85BA-48A8-BFF6-8D4FEE12AF3E}.Debug|x64.Build.0 = Debug|x64
		{2284AA5A-85BA-48A8-BFF6-8D4FEE12AF3E}.Debug|x86.ActiveCfg = Debug|x64
		{2284AA5A-85BA-48A8-BFF6-8D4FEE12AF3E}.Debug|x86.Build.0 = Debug|x64
		{2284AA5A-85BA-48A8-BFF6-8D4FEE12AF3E}.Release|x64.ActiveCfg = Release|x64
		{2284AA5A-85BA-48A8-BFF6-8D4FEE12AF3E}.Release|x64.Build.0 = Release|x64
		{2284AA5A-85BA-48A8-BFF6-8D4FEE12AF3E}.Release|x86.ActiveCfg = Release|Win32
		{2284AA5A-85BA-48A8-BFF6-8D4FEE12AF3E}.Release|x86.Build.0 = Release|Win32
	EndGlobalSection
	GlobalSection(SolutionProperties) = preSolution
		HideSolutionNode = FALSE
	EndGlobalSection
	GlobalSection(ExtensibilityGlobals) = postSolution
		SolutionGuid = {F9CE487F-CD45-4507-A1B8-EB62D1744A3E}
	EndGlobalSection
EndGlobal
